
Microsoft Visual Studio Solution File, Format Version 12.00
# Visual Studio 15
VisualStudioVersion = 15.0.28307.1169
MinimumVisualStudioVersion = 10.0.40219.1
Project("{8BC9CEB8-8B4A-11D0-8D11-00A0C91BC942}") = "AD", "AD\AD.vcxproj", "{9401ED88-DEC7-44FA-9F72-19F49CDFFA7A}"
EndProject
Global
	GlobalSection(SolutionConfigurationPlatforms) = preSolution
		Debug|x64 = Debug|x64
		Release|x64 = Release|x64
	EndGlobalSection
	GlobalSection(ProjectConfigurationPlatforms) = postSolution
		{9401ED88-DEC7-44FA-9F72-19F49CDFFA7A}.Debug|x64.ActiveCfg = Debug|x64
		{9401ED88-DEC7-44FA-9F72-19F49CDFFA7A}.Debug|x64.Build.0 = Debug|x64
		{9401ED88-DEC7-44FA-9F72-19F49CDFFA7A}.Release|x64.ActiveCfg = Release|x64
		{9401ED88-DEC7-44FA-9F72-19F49CDFFA7A}.Release|x64.Build.0 = Release|x64
	EndGlobalSection
	GlobalSection(SolutionProperties) = preSolution
		HideSolutionNode = FALSE
	EndGlobalSection
	GlobalSection(ExtensibilityGlobals) = postSolution
		SolutionGuid = {15477D68-42CE-43BC-B8CD-C665806862DA}
	EndGlobalSection
EndGlobal
